// !$*UTF8*$!
{
	archiveVersion = 1;
	classes = {
	};
	objectVersion = 50;
	objects = {

/* Begin PBXBuildFile section */
		8B68714E2208424500502B18 /* AppDelegate.swift in Sources */ = {isa = PBXBuildFile; fileRef = 8B68714D2208424500502B18 /* AppDelegate.swift */; };
		8B6871502208424500502B18 /* ViewController.swift in Sources */ = {isa = PBXBuildFile; fileRef = 8B68714F2208424500502B18 /* ViewController.swift */; };
		8B6871532208424500502B18 /* Main.storyboard in Resources */ = {isa = PBXBuildFile; fileRef = 8B6871512208424500502B18 /* Main.storyboard */; };
		8B6871562208424500502B18 /* Algorithems.xcdatamodeld in Sources */ = {isa = PBXBuildFile; fileRef = 8B6871542208424500502B18 /* Algorithems.xcdatamodeld */; };
		8B6871582208424600502B18 /* Assets.xcassets in Resources */ = {isa = PBXBuildFile; fileRef = 8B6871572208424600502B18 /* Assets.xcassets */; };
		8B68715B2208424600502B18 /* LaunchScreen.storyboard in Resources */ = {isa = PBXBuildFile; fileRef = 8B6871592208424600502B18 /* LaunchScreen.storyboard */; };
		8B6871662208424700502B18 /* AlgorithemsTests.swift in Sources */ = {isa = PBXBuildFile; fileRef = 8B6871652208424700502B18 /* AlgorithemsTests.swift */; };
		8B6871712208424700502B18 /* AlgorithemsUITests.swift in Sources */ = {isa = PBXBuildFile; fileRef = 8B6871702208424700502B18 /* AlgorithemsUITests.swift */; };
		C0FD9A18220B481500AB76F0 /* Localizalbe.strings in Resources */ = {isa = PBXBuildFile; fileRef = C0FD9A1A220B481500AB76F0 /* Localizalbe.strings */; };
/* End PBXBuildFile section */

/* Begin PBXContainerItemProxy section */
		8B6871622208424700502B18 /* PBXContainerItemProxy */ = {
			isa = PBXContainerItemProxy;
			containerPortal = 8B6871422208424500502B18 /* Project object */;
			proxyType = 1;
			remoteGlobalIDString = 8B6871492208424500502B18;
			remoteInfo = Algorithems;
		};
		8B68716D2208424700502B18 /* PBXContainerItemProxy */ = {
			isa = PBXContainerItemProxy;
			containerPortal = 8B6871422208424500502B18 /* Project object */;
			proxyType = 1;
			remoteGlobalIDString = 8B6871492208424500502B18;
			remoteInfo = Algorithems;
		};
/* End PBXContainerItemProxy section */

/* Begin PBXFileReference section */
		8B68714A2208424500502B18 /* Algorithems.app */ = {isa = PBXFileReference; explicitFileType = wrapper.application; includeInIndex = 0; path = Algorithems.app; sourceTree = BUILT_PRODUCTS_DIR; };
		8B68714D2208424500502B18 /* AppDelegate.swift */ = {isa = PBXFileReference; lastKnownFileType = sourcecode.swift; path = AppDelegate.swift; sourceTree = "<group>"; };
		8B68714F2208424500502B18 /* ViewController.swift */ = {isa = PBXFileReference; lastKnownFileType = sourcecode.swift; path = ViewController.swift; sourceTree = "<group>"; };
		8B6871522208424500502B18 /* Base */ = {isa = PBXFileReference; lastKnownFileType = file.storyboard; name = Base; path = Base.lproj/Main.storyboard; sourceTree = "<group>"; };
		8B6871552208424500502B18 /* Algorithems.xcdatamodel */ = {isa = PBXFileReference; lastKnownFileType = wrapper.xcdatamodel; path = Algorithems.xcdatamodel; sourceTree = "<group>"; };
		8B6871572208424600502B18 /* Assets.xcassets */ = {isa = PBXFileReference; lastKnownFileType = folder.assetcatalog; path = Assets.xcassets; sourceTree = "<group>"; };
		8B68715A2208424600502B18 /* Base */ = {isa = PBXFileReference; lastKnownFileType = file.storyboard; name = Base; path = Base.lproj/LaunchScreen.storyboard; sourceTree = "<group>"; };
		8B68715C2208424600502B18 /* Info.plist */ = {isa = PBXFileReference; lastKnownFileType = text.plist.xml; path = Info.plist; sourceTree = "<group>"; };
		8B6871612208424700502B18 /* AlgorithemsTests.xctest */ = {isa = PBXFileReference; explicitFileType = wrapper.cfbundle; includeInIndex = 0; path = AlgorithemsTests.xctest; sourceTree = BUILT_PRODUCTS_DIR; };
		8B6871652208424700502B18 /* AlgorithemsTests.swift */ = {isa = PBXFileReference; lastKnownFileType = sourcecode.swift; path = AlgorithemsTests.swift; sourceTree = "<group>"; };
		8B6871672208424700502B18 /* Info.plist */ = {isa = PBXFileReference; lastKnownFileType = text.plist.xml; path = Info.plist; sourceTree = "<group>"; };
		8B68716C2208424700502B18 /* AlgorithemsUITests.xctest */ = {isa = PBXFileReference; explicitFileType = wrapper.cfbundle; includeInIndex = 0; path = AlgorithemsUITests.xctest; sourceTree = BUILT_PRODUCTS_DIR; };
		8B6871702208424700502B18 /* AlgorithemsUITests.swift */ = {isa = PBXFileReference; lastKnownFileType = sourcecode.swift; path = AlgorithemsUITests.swift; sourceTree = "<group>"; };
		8B6871722208424700502B18 /* Info.plist */ = {isa = PBXFileReference; lastKnownFileType = text.plist.xml; path = Info.plist; sourceTree = "<group>"; };
		C0FD9A19220B481500AB76F0 /* en */ = {isa = PBXFileReference; lastKnownFileType = text.plist.strings; name = en; path = en.lproj/Localizalbe.strings; sourceTree = "<group>"; };
		C0FD9A1B220B484A00AB76F0 /* hi */ = {isa = PBXFileReference; lastKnownFileType = text.plist.strings; name = hi; path = hi.lproj/Main.strings; sourceTree = "<group>"; };
		C0FD9A1C220B484A00AB76F0 /* hi */ = {isa = PBXFileReference; lastKnownFileType = text.plist.strings; name = hi; path = hi.lproj/LaunchScreen.strings; sourceTree = "<group>"; };
		C0FD9A1D220B484A00AB76F0 /* hi */ = {isa = PBXFileReference; lastKnownFileType = text.plist.strings; name = hi; path = hi.lproj/Localizalbe.strings; sourceTree = "<group>"; };
		C0FD9A1E220B52DD00AB76F0 /* Algorithems.entitlements */ = {isa = PBXFileReference; lastKnownFileType = text.plist.entitlements; path = Algorithems.entitlements; sourceTree = "<group>"; };
/* End PBXFileReference section */

/* Begin PBXFrameworksBuildPhase section */
		8B6871472208424500502B18 /* Frameworks */ = {
			isa = PBXFrameworksBuildPhase;
			buildActionMask = 2147483647;
			files = (
			);
			runOnlyForDeploymentPostprocessing = 0;
		};
		8B68715E2208424700502B18 /* Frameworks */ = {
			isa = PBXFrameworksBuildPhase;
			buildActionMask = 2147483647;
			files = (
			);
			runOnlyForDeploymentPostprocessing = 0;
		};
		8B6871692208424700502B18 /* Frameworks */ = {
			isa = PBXFrameworksBuildPhase;
			buildActionMask = 2147483647;
			files = (
			);
			runOnlyForDeploymentPostprocessing = 0;
		};
/* End PBXFrameworksBuildPhase section */

/* Begin PBXGroup section */
		8B6871412208424500502B18 = {
			isa = PBXGroup;
			children = (
				8B68714C2208424500502B18 /* Algorithems */,
				8B6871642208424700502B18 /* AlgorithemsTests */,
				8B68716F2208424700502B18 /* AlgorithemsUITests */,
				8B68714B2208424500502B18 /* Products */,
			);
			sourceTree = "<group>";
		};
		8B68714B2208424500502B18 /* Products */ = {
			isa = PBXGroup;
			children = (
				8B68714A2208424500502B18 /* Algorithems.app */,
				8B6871612208424700502B18 /* AlgorithemsTests.xctest */,
				8B68716C2208424700502B18 /* AlgorithemsUITests.xctest */,
			);
			name = Products;
			sourceTree = "<group>";
		};
		8B68714C2208424500502B18 /* Algorithems */ = {
			isa = PBXGroup;
			children = (
				C0FD9A1E220B52DD00AB76F0 /* Algorithems.entitlements */,
				8B68714D2208424500502B18 /* AppDelegate.swift */,
				8B68714F2208424500502B18 /* ViewController.swift */,
				8B6871512208424500502B18 /* Main.storyboard */,
				8B6871572208424600502B18 /* Assets.xcassets */,
				8B6871592208424600502B18 /* LaunchScreen.storyboard */,
				8B68715C2208424600502B18 /* Info.plist */,
				8B6871542208424500502B18 /* Algorithems.xcdatamodeld */,
				C0FD9A1A220B481500AB76F0 /* Localizalbe.strings */,
			);
			path = Algorithems;
			sourceTree = "<group>";
		};
		8B6871642208424700502B18 /* AlgorithemsTests */ = {
			isa = PBXGroup;
			children = (
				8B6871652208424700502B18 /* AlgorithemsTests.swift */,
				8B6871672208424700502B18 /* Info.plist */,
			);
			path = AlgorithemsTests;
			sourceTree = "<group>";
		};
		8B68716F2208424700502B18 /* AlgorithemsUITests */ = {
			isa = PBXGroup;
			children = (
				8B6871702208424700502B18 /* AlgorithemsUITests.swift */,
				8B6871722208424700502B18 /* Info.plist */,
			);
			path = AlgorithemsUITests;
			sourceTree = "<group>";
		};
/* End PBXGroup section */

/* Begin PBXNativeTarget section */
		8B6871492208424500502B18 /* Algorithems */ = {
			isa = PBXNativeTarget;
			buildConfigurationList = 8B6871752208424700502B18 /* Build configuration list for PBXNativeTarget "Algorithems" */;
			buildPhases = (
				8B6871462208424500502B18 /* Sources */,
				8B6871472208424500502B18 /* Frameworks */,
				8B6871482208424500502B18 /* Resources */,
			);
			buildRules = (
			);
			dependencies = (
			);
			name = Algorithems;
			productName = Algorithems;
			productReference = 8B68714A2208424500502B18 /* Algorithems.app */;
			productType = "com.apple.product-type.application";
		};
		8B6871602208424700502B18 /* AlgorithemsTests */ = {
			isa = PBXNativeTarget;
			buildConfigurationList = 8B6871782208424700502B18 /* Build configuration list for PBXNativeTarget "AlgorithemsTests" */;
			buildPhases = (
				8B68715D2208424700502B18 /* Sources */,
				8B68715E2208424700502B18 /* Frameworks */,
				8B68715F2208424700502B18 /* Resources */,
			);
			buildRules = (
			);
			dependencies = (
				8B6871632208424700502B18 /* PBXTargetDependency */,
			);
			name = AlgorithemsTests;
			productName = AlgorithemsTests;
			productReference = 8B6871612208424700502B18 /* AlgorithemsTests.xctest */;
			productType = "com.apple.product-type.bundle.unit-test";
		};
		8B68716B2208424700502B18 /* AlgorithemsUITests */ = {
			isa = PBXNativeTarget;
			buildConfigurationList = 8B68717B2208424700502B18 /* Build configuration list for PBXNativeTarget "AlgorithemsUITests" */;
			buildPhases = (
				8B6871682208424700502B18 /* Sources */,
				8B6871692208424700502B18 /* Frameworks */,
				8B68716A2208424700502B18 /* Resources */,
			);
			buildRules = (
			);
			dependencies = (
				8B68716E2208424700502B18 /* PBXTargetDependency */,
			);
			name = AlgorithemsUITests;
			productName = AlgorithemsUITests;
			productReference = 8B68716C2208424700502B18 /* AlgorithemsUITests.xctest */;
			productType = "com.apple.product-type.bundle.ui-testing";
		};
/* End PBXNativeTarget section */

/* Begin PBXProject section */
		8B6871422208424500502B18 /* Project object */ = {
			isa = PBXProject;
			attributes = {
				LastSwiftUpdateCheck = 1010;
				LastUpgradeCheck = 1010;
				ORGANIZATIONNAME = "Mukesh Verma";
				TargetAttributes = {
					8B6871492208424500502B18 = {
						CreatedOnToolsVersion = 10.1;
						SystemCapabilities = {
							com.apple.ApplicationGroups.iOS = {
								enabled = 1;
							};
						};
					};
					8B6871602208424700502B18 = {
						CreatedOnToolsVersion = 10.1;
						TestTargetID = 8B6871492208424500502B18;
					};
					8B68716B2208424700502B18 = {
						CreatedOnToolsVersion = 10.1;
						TestTargetID = 8B6871492208424500502B18;
					};
				};
			};
			buildConfigurationList = 8B6871452208424500502B18 /* Build configuration list for PBXProject "Algorithems" */;
			compatibilityVersion = "Xcode 9.3";
			developmentRegion = en;
			hasScannedForEncodings = 0;
			knownRegions = (
				en,
				Base,
				hi,
			);
			mainGroup = 8B6871412208424500502B18;
			productRefGroup = 8B68714B2208424500502B18 /* Products */;
			projectDirPath = "";
			projectRoot = "";
			targets = (
				8B6871492208424500502B18 /* Algorithems */,
				8B6871602208424700502B18 /* AlgorithemsTests */,
				8B68716B2208424700502B18 /* AlgorithemsUITests */,
			);
		};
/* End PBXProject section */

/* Begin PBXResourcesBuildPhase section */
		8B6871482208424500502B18 /* Resources */ = {
			isa = PBXResourcesBuildPhase;
			buildActionMask = 2147483647;
			files = (
				8B68715B2208424600502B18 /* LaunchScreen.storyboard in Resources */,
				C0FD9A18220B481500AB76F0 /* Localizalbe.strings in Resources */,
				8B6871582208424600502B18 /* Assets.xcassets in Resources */,
				8B6871532208424500502B18 /* Main.storyboard in Resources */,
			);
			runOnlyForDeploymentPostprocessing = 0;
		};
		8B68715F2208424700502B18 /* Resources */ = {
			isa = PBXResourcesBuildPhase;
			buildActionMask = 2147483647;
			files = (
			);
			runOnlyForDeploymentPostprocessing = 0;
		};
		8B68716A2208424700502B18 /* Resources */ = {
			isa = PBXResourcesBuildPhase;
			buildActionMask = 2147483647;
			files = (
			);
			runOnlyForDeploymentPostprocessing = 0;
		};
/* End PBXResourcesBuildPhase section */

/* Begin PBXSourcesBuildPhase section */
		8B6871462208424500502B18 /* Sources */ = {
			isa = PBXSourcesBuildPhase;
			buildActionMask = 2147483647;
			files = (
				8B6871502208424500502B18 /* ViewController.swift in Sources */,
				8B6871562208424500502B18 /* Algorithems.xcdatamodeld in Sources */,
				8B68714E2208424500502B18 /* AppDelegate.swift in Sources */,
			);
			runOnlyForDeploymentPostprocessing = 0;
		};
		8B68715D2208424700502B18 /* Sources */ = {
			isa = PBXSourcesBuildPhase;
			buildActionMask = 2147483647;
			files = (
				8B6871662208424700502B18 /* AlgorithemsTests.swift in Sources */,
			);
			runOnlyForDeploymentPostprocessing = 0;
		};
		8B6871682208424700502B18 /* Sources */ = {
			isa = PBXSourcesBuildPhase;
			buildActionMask = 2147483647;
			files = (
				8B6871712208424700502B18 /* AlgorithemsUITests.swift in Sources */,
			);
			runOnlyForDeploymentPostprocessing = 0;
		};
/* End PBXSourcesBuildPhase section */

/* Begin PBXTargetDependency section */
		8B6871632208424700502B18 /* PBXTargetDependency */ = {
			isa = PBXTargetDependency;
			target = 8B6871492208424500502B18 /* Algorithems */;
			targetProxy = 8B6871622208424700502B18 /* PBXContainerItemProxy */;
		};
		8B68716E2208424700502B18 /* PBXTargetDependency */ = {
			isa = PBXTargetDependency;
			target = 8B6871492208424500502B18 /* Algorithems */;
			targetProxy = 8B68716D2208424700502B18 /* PBXContainerItemProxy */;
		};
/* End PBXTargetDependency section */

/* Begin PBXVariantGroup section */
		8B6871512208424500502B18 /* Main.storyboard */ = {
			isa = PBXVariantGroup;
			children = (
				8B6871522208424500502B18 /* Base */,
				C0FD9A1B220B484A00AB76F0 /* hi */,
			);
			name = Main.storyboard;
			sourceTree = "<group>";
		};
		8B6871592208424600502B18 /* LaunchScreen.storyboard */ = {
			isa = PBXVariantGroup;
			children = (
				8B68715A2208424600502B18 /* Base */,
				C0FD9A1C220B484A00AB76F0 /* hi */,
			);
			name = LaunchScreen.storyboard;
			sourceTree = "<group>";
		};
		C0FD9A1A220B481500AB76F0 /* Localizalbe.strings */ = {
			isa = PBXVariantGroup;
			children = (
				C0FD9A19220B481500AB76F0 /* en */,
				C0FD9A1D220B484A00AB76F0 /* hi */,
			);
			name = Localizalbe.strings;
			sourceTree = "<group>";
		};
/* End PBXVariantGroup section */

/* Begin XCBuildConfiguration section */
		8B5E8968220AB52700258025 /* DebugStag */ = {
			isa = XCBuildConfiguration;
			buildSettings = {
				ALWAYS_SEARCH_USER_PATHS = NO;
				CLANG_ANALYZER_LOCALIZABILITY_NONLOCALIZED = YES;
				CLANG_ANALYZER_NONNULL = YES;
				CLANG_ANALYZER_NUMBER_OBJECT_CONVERSION = YES_AGGRESSIVE;
				CLANG_CXX_LANGUAGE_STANDARD = "gnu++14";
				CLANG_CXX_LIBRARY = "libc++";
				CLANG_ENABLE_MODULES = YES;
				CLANG_ENABLE_OBJC_ARC = YES;
				CLANG_ENABLE_OBJC_WEAK = YES;
				CLANG_WARN_BLOCK_CAPTURE_AUTORELEASING = YES;
				CLANG_WARN_BOOL_CONVERSION = YES;
				CLANG_WARN_COMMA = YES;
				CLANG_WARN_CONSTANT_CONVERSION = YES;
				CLANG_WARN_DEPRECATED_OBJC_IMPLEMENTATIONS = YES;
				CLANG_WARN_DIRECT_OBJC_ISA_USAGE = YES_ERROR;
				CLANG_WARN_DOCUMENTATION_COMMENTS = YES;
				CLANG_WARN_EMPTY_BODY = YES;
				CLANG_WARN_ENUM_CONVERSION = YES;
				CLANG_WARN_INFINITE_RECURSION = YES;
				CLANG_WARN_INT_CONVERSION = YES;
				CLANG_WARN_NON_LITERAL_NULL_CONVERSION = YES;
				CLANG_WARN_OBJC_IMPLICIT_RETAIN_SELF = YES;
				CLANG_WARN_OBJC_LITERAL_CONVERSION = YES;
				CLANG_WARN_OBJC_ROOT_CLASS = YES_ERROR;
				CLANG_WARN_RANGE_LOOP_ANALYSIS = YES;
				CLANG_WARN_STRICT_PROTOTYPES = YES;
				CLANG_WARN_SUSPICIOUS_MOVE = YES;
				CLANG_WARN_UNGUARDED_AVAILABILITY = YES_AGGRESSIVE;
				CLANG_WARN_UNREACHABLE_CODE = YES;
				CLANG_WARN__DUPLICATE_METHOD_MATCH = YES;
				CODE_SIGN_IDENTITY = "iPhone Developer";
				COPY_PHASE_STRIP = NO;
				DEBUG_INFORMATION_FORMAT = dwarf;
				ENABLE_STRICT_OBJC_MSGSEND = YES;
				ENABLE_TESTABILITY = YES;
				GCC_C_LANGUAGE_STANDARD = gnu11;
				GCC_DYNAMIC_NO_PIC = NO;
				GCC_NO_COMMON_BLOCKS = YES;
				GCC_OPTIMIZATION_LEVEL = 0;
				GCC_PREPROCESSOR_DEFINITIONS = (
					"DEBUG=1",
					"$(inherited)",
				);
				GCC_WARN_64_TO_32_BIT_CONVERSION = YES;
				GCC_WARN_ABOUT_RETURN_TYPE = YES_ERROR;
				GCC_WARN_UNDECLARED_SELECTOR = YES;
				GCC_WARN_UNINITIALIZED_AUTOS = YES_AGGRESSIVE;
				GCC_WARN_UNUSED_FUNCTION = YES;
				GCC_WARN_UNUSED_VARIABLE = YES;
				IPHONEOS_DEPLOYMENT_TARGET = 12.1;
				MTL_ENABLE_DEBUG_INFO = INCLUDE_SOURCE;
				MTL_FAST_MATH = YES;
				ONLY_ACTIVE_ARCH = YES;
				SDKROOT = iphoneos;
				SWIFT_ACTIVE_COMPILATION_CONDITIONS = DEBUG;
				SWIFT_OPTIMIZATION_LEVEL = "-Onone";
			};
			name = DebugStag;
		};
		8B5E8969220AB52700258025 /* DebugStag */ = {
			isa = XCBuildConfiguration;
			buildSettings = {
				ASSETCATALOG_COMPILER_APPICON_NAME = AppIcon;
				BUILD_NUMBER = 1002;
				BUNDLE_ID = MukeshVerma.Algorithems.Stag;
				CODE_SIGN_ENTITLEMENTS = Algorithems/Algorithems.entitlements;
				CODE_SIGN_STYLE = Automatic;
				DEVELOPMENT_TEAM = 3YVQQ2K649;
				INFOPLIST_FILE = Algorithems/Info.plist;
				IPHONEOS_DEPLOYMENT_TARGET = 10.0;
				LD_RUNPATH_SEARCH_PATHS = (
					"$(inherited)",
					"@executable_path/Frameworks",
				);
				OTHER_SWIFT_FLAGS = "-D STAG";
				PRODUCT_BUNDLE_IDENTIFIER = MukeshVerma.Algorithems;
				PRODUCT_NAME = "$(TARGET_NAME)";
				SWIFT_VERSION = 4.2;
				TARGETED_DEVICE_FAMILY = "1,2";
				VERSION_NUMBER = 1.0.1;
				"VERSION_NUMBER[arch=*]" = 1.0.0;
			};
			name = DebugStag;
		};
		8B5E896A220AB52700258025 /* DebugStag */ = {
			isa = XCBuildConfiguration;
			buildSettings = {
				ALWAYS_EMBED_SWIFT_STANDARD_LIBRARIES = YES;
				BUNDLE_LOADER = "$(TEST_HOST)";
				CODE_SIGN_STYLE = Automatic;
				DEVELOPMENT_TEAM = DNTJZJWJQC;
				INFOPLIST_FILE = AlgorithemsTests/Info.plist;
				LD_RUNPATH_SEARCH_PATHS = (
					"$(inherited)",
					"@executable_path/Frameworks",
					"@loader_path/Frameworks",
				);
				PRODUCT_BUNDLE_IDENTIFIER = MukeshVerma.AlgorithemsTests;
				PRODUCT_NAME = "$(TARGET_NAME)";
				SWIFT_VERSION = 4.2;
				TARGETED_DEVICE_FAMILY = "1,2";
				TEST_HOST = "$(BUILT_PRODUCTS_DIR)/Algorithems.app/Algorithems";
			};
			name = DebugStag;
		};
		8B5E896B220AB52700258025 /* DebugStag */ = {
			isa = XCBuildConfiguration;
			buildSettings = {
				ALWAYS_EMBED_SWIFT_STANDARD_LIBRARIES = YES;
				CODE_SIGN_STYLE = Automatic;
				DEVELOPMENT_TEAM = DNTJZJWJQC;
				INFOPLIST_FILE = AlgorithemsUITests/Info.plist;
				LD_RUNPATH_SEARCH_PATHS = (
					"$(inherited)",
					"@executable_path/Frameworks",
					"@loader_path/Frameworks",
				);
				PRODUCT_BUNDLE_IDENTIFIER = MukeshVerma.AlgorithemsUITests;
				PRODUCT_NAME = "$(TARGET_NAME)";
				SWIFT_VERSION = 4.2;
				TARGETED_DEVICE_FAMILY = "1,2";
				TEST_TARGET_NAME = Algorithems;
			};
			name = DebugStag;
		};
		8B5E896C220AB54400258025 /* ReleaseStag */ = {
			isa = XCBuildConfiguration;
			buildSettings = {
				ALWAYS_SEARCH_USER_PATHS = NO;
				CLANG_ANALYZER_LOCALIZABILITY_NONLOCALIZED = YES;
				CLANG_ANALYZER_NONNULL = YES;
				CLANG_ANALYZER_NUMBER_OBJECT_CONVERSION = YES_AGGRESSIVE;
				CLANG_CXX_LANGUAGE_STANDARD = "gnu++14";
				CLANG_CXX_LIBRARY = "libc++";
				CLANG_ENABLE_MODULES = YES;
				CLANG_ENABLE_OBJC_ARC = YES;
				CLANG_ENABLE_OBJC_WEAK = YES;
				CLANG_WARN_BLOCK_CAPTURE_AUTORELEASING = YES;
				CLANG_WARN_BOOL_CONVERSION = YES;
				CLANG_WARN_COMMA = YES;
				CLANG_WARN_CONSTANT_CONVERSION = YES;
				CLANG_WARN_DEPRECATED_OBJC_IMPLEMENTATIONS = YES;
				CLANG_WARN_DIRECT_OBJC_ISA_USAGE = YES_ERROR;
				CLANG_WARN_DOCUMENTATION_COMMENTS = YES;
				CLANG_WARN_EMPTY_BODY = YES;
				CLANG_WARN_ENUM_CONVERSION = YES;
				CLANG_WARN_INFINITE_RECURSION = YES;
				CLANG_WARN_INT_CONVERSION = YES;
				CLANG_WARN_NON_LITERAL_NULL_CONVERSION = YES;
				CLANG_WARN_OBJC_IMPLICIT_RETAIN_SELF = YES;
				CLANG_WARN_OBJC_LITERAL_CONVERSION = YES;
				CLANG_WARN_OBJC_ROOT_CLASS = YES_ERROR;
				CLANG_WARN_RANGE_LOOP_ANALYSIS = YES;
				CLANG_WARN_STRICT_PROTOTYPES = YES;
				CLANG_WARN_SUSPICIOUS_MOVE = YES;
				CLANG_WARN_UNGUARDED_AVAILABILITY = YES_AGGRESSIVE;
				CLANG_WARN_UNREACHABLE_CODE = YES;
				CLANG_WARN__DUPLICATE_METHOD_MATCH = YES;
				CODE_SIGN_IDENTITY = "iPhone Developer";
				COPY_PHASE_STRIP = NO;
				DEBUG_INFORMATION_FORMAT = "dwarf-with-dsym";
				ENABLE_NS_ASSERTIONS = NO;
				ENABLE_STRICT_OBJC_MSGSEND = YES;
				GCC_C_LANGUAGE_STANDARD = gnu11;
				GCC_NO_COMMON_BLOCKS = YES;
				GCC_WARN_64_TO_32_BIT_CONVERSION = YES;
				GCC_WARN_ABOUT_RETURN_TYPE = YES_ERROR;
				GCC_WARN_UNDECLARED_SELECTOR = YES;
				GCC_WARN_UNINITIALIZED_AUTOS = YES_AGGRESSIVE;
				GCC_WARN_UNUSED_FUNCTION = YES;
				GCC_WARN_UNUSED_VARIABLE = YES;
				IPHONEOS_DEPLOYMENT_TARGET = 12.1;
				MTL_ENABLE_DEBUG_INFO = NO;
				MTL_FAST_MATH = YES;
				SDKROOT = iphoneos;
				SWIFT_COMPILATION_MODE = wholemodule;
				SWIFT_OPTIMIZATION_LEVEL = "-O";
				VALIDATE_PRODUCT = YES;
			};
			name = ReleaseStag;
		};
		8B5E896D220AB54400258025 /* ReleaseStag */ = {
			isa = XCBuildConfiguration;
			buildSettings = {
				ASSETCATALOG_COMPILER_APPICON_NAME = AppIcon;
				BUILD_NUMBER = 1002;
				BUNDLE_ID = MukeshVerma.Algorithems.Stag;
				CODE_SIGN_ENTITLEMENTS = Algorithems/Algorithems.entitlements;
				CODE_SIGN_STYLE = Automatic;
				DEVELOPMENT_TEAM = 3YVQQ2K649;
				INFOPLIST_FILE = Algorithems/Info.plist;
				IPHONEOS_DEPLOYMENT_TARGET = 10.0;
				LD_RUNPATH_SEARCH_PATHS = (
					"$(inherited)",
					"@executable_path/Frameworks",
				);
				OTHER_SWIFT_FLAGS = "-D STAG";
				PRODUCT_BUNDLE_IDENTIFIER = MukeshVerma.Algorithems;
				PRODUCT_NAME = "$(TARGET_NAME)";
				SWIFT_VERSION = 4.2;
				TARGETED_DEVICE_FAMILY = "1,2";
				VERSION_NUMBER = 1.0.1;
			};
			name = ReleaseStag;
		};
		8B5E896E220AB54400258025 /* ReleaseStag */ = {
			isa = XCBuildConfiguration;
			buildSettings = {
				ALWAYS_EMBED_SWIFT_STANDARD_LIBRARIES = YES;
				BUNDLE_LOADER = "$(TEST_HOST)";
				CODE_SIGN_STYLE = Automatic;
				DEVELOPMENT_TEAM = DNTJZJWJQC;
				INFOPLIST_FILE = AlgorithemsTests/Info.plist;
				LD_RUNPATH_SEARCH_PATHS = (
					"$(inherited)",
					"@executable_path/Frameworks",
					"@loader_path/Frameworks",
				);
				PRODUCT_BUNDLE_IDENTIFIER = MukeshVerma.AlgorithemsTests;
				PRODUCT_NAME = "$(TARGET_NAME)";
				SWIFT_VERSION = 4.2;
				TARGETED_DEVICE_FAMILY = "1,2";
				TEST_HOST = "$(BUILT_PRODUCTS_DIR)/Algorithems.app/Algorithems";
			};
			name = ReleaseStag;
		};
		8B5E896F220AB54400258025 /* ReleaseStag */ = {
			isa = XCBuildConfiguration;
			buildSettings = {
				ALWAYS_EMBED_SWIFT_STANDARD_LIBRARIES = YES;
				CODE_SIGN_STYLE = Automatic;
				DEVELOPMENT_TEAM = DNTJZJWJQC;
				INFOPLIST_FILE = AlgorithemsUITests/Info.plist;
				LD_RUNPATH_SEARCH_PATHS = (
					"$(inherited)",
					"@executable_path/Frameworks",
					"@loader_path/Frameworks",
				);
				PRODUCT_BUNDLE_IDENTIFIER = MukeshVerma.AlgorithemsUITests;
				PRODUCT_NAME = "$(TARGET_NAME)";
				SWIFT_VERSION = 4.2;
				TARGETED_DEVICE_FAMILY = "1,2";
				TEST_TARGET_NAME = Algorithems;
			};
			name = ReleaseStag;
		};
		8B6871732208424700502B18 /* Debug */ = {
			isa = XCBuildConfiguration;
			buildSettings = {
				ALWAYS_SEARCH_USER_PATHS = NO;
				CLANG_ANALYZER_LOCALIZABILITY_NONLOCALIZED = YES;
				CLANG_ANALYZER_NONNULL = YES;
				CLANG_ANALYZER_NUMBER_OBJECT_CONVERSION = YES_AGGRESSIVE;
				CLANG_CXX_LANGUAGE_STANDARD = "gnu++14";
				CLANG_CXX_LIBRARY = "libc++";
				CLANG_ENABLE_MODULES = YES;
				CLANG_ENABLE_OBJC_ARC = YES;
				CLANG_ENABLE_OBJC_WEAK = YES;
				CLANG_WARN_BLOCK_CAPTURE_AUTORELEASING = YES;
				CLANG_WARN_BOOL_CONVERSION = YES;
				CLANG_WARN_COMMA = YES;
				CLANG_WARN_CONSTANT_CONVERSION = YES;
				CLANG_WARN_DEPRECATED_OBJC_IMPLEMENTATIONS = YES;
				CLANG_WARN_DIRECT_OBJC_ISA_USAGE = YES_ERROR;
				CLANG_WARN_DOCUMENTATION_COMMENTS = YES;
				CLANG_WARN_EMPTY_BODY = YES;
				CLANG_WARN_ENUM_CONVERSION = YES;
				CLANG_WARN_INFINITE_RECURSION = YES;
				CLANG_WARN_INT_CONVERSION = YES;
				CLANG_WARN_NON_LITERAL_NULL_CONVERSION = YES;
				CLANG_WARN_OBJC_IMPLICIT_RETAIN_SELF = YES;
				CLANG_WARN_OBJC_LITERAL_CONVERSION = YES;
				CLANG_WARN_OBJC_ROOT_CLASS = YES_ERROR;
				CLANG_WARN_RANGE_LOOP_ANALYSIS = YES;
				CLANG_WARN_STRICT_PROTOTYPES = YES;
				CLANG_WARN_SUSPICIOUS_MOVE = YES;
				CLANG_WARN_UNGUARDED_AVAILABILITY = YES_AGGRESSIVE;
				CLANG_WARN_UNREACHABLE_CODE = YES;
				CLANG_WARN__DUPLICATE_METHOD_MATCH = YES;
				CODE_SIGN_IDENTITY = "iPhone Developer";
				COPY_PHASE_STRIP = NO;
				DEBUG_INFORMATION_FORMAT = dwarf;
				ENABLE_STRICT_OBJC_MSGSEND = YES;
				ENABLE_TESTABILITY = YES;
				GCC_C_LANGUAGE_STANDARD = gnu11;
				GCC_DYNAMIC_NO_PIC = NO;
				GCC_NO_COMMON_BLOCKS = YES;
				GCC_OPTIMIZATION_LEVEL = 0;
				GCC_PREPROCESSOR_DEFINITIONS = (
					"DEBUG=1",
					"$(inherited)",
				);
				GCC_WARN_64_TO_32_BIT_CONVERSION = YES;
				GCC_WARN_ABOUT_RETURN_TYPE = YES_ERROR;
				GCC_WARN_UNDECLARED_SELECTOR = YES;
				GCC_WARN_UNINITIALIZED_AUTOS = YES_AGGRESSIVE;
				GCC_WARN_UNUSED_FUNCTION = YES;
				GCC_WARN_UNUSED_VARIABLE = YES;
				IPHONEOS_DEPLOYMENT_TARGET = 12.1;
				MTL_ENABLE_DEBUG_INFO = INCLUDE_SOURCE;
				MTL_FAST_MATH = YES;
				ONLY_ACTIVE_ARCH = YES;
				SDKROOT = iphoneos;
				SWIFT_ACTIVE_COMPILATION_CONDITIONS = DEBUG;
				SWIFT_OPTIMIZATION_LEVEL = "-Onone";
			};
			name = Debug;
		};
		8B6871742208424700502B18 /* Release */ = {
			isa = XCBuildConfiguration;
			buildSettings = {
				ALWAYS_SEARCH_USER_PATHS = NO;
				CLANG_ANALYZER_LOCALIZABILITY_NONLOCALIZED = YES;
				CLANG_ANALYZER_NONNULL = YES;
				CLANG_ANALYZER_NUMBER_OBJECT_CONVERSION = YES_AGGRESSIVE;
				CLANG_CXX_LANGUAGE_STANDARD = "gnu++14";
				CLANG_CXX_LIBRARY = "libc++";
				CLANG_ENABLE_MODULES = YES;
				CLANG_ENABLE_OBJC_ARC = YES;
				CLANG_ENABLE_OBJC_WEAK = YES;
				CLANG_WARN_BLOCK_CAPTURE_AUTORELEASING = YES;
				CLANG_WARN_BOOL_CONVERSION = YES;
				CLANG_WARN_COMMA = YES;
				CLANG_WARN_CONSTANT_CONVERSION = YES;
				CLANG_WARN_DEPRECATED_OBJC_IMPLEMENTATIONS = YES;
				CLANG_WARN_DIRECT_OBJC_ISA_USAGE = YES_ERROR;
				CLANG_WARN_DOCUMENTATION_COMMENTS = YES;
				CLANG_WARN_EMPTY_BODY = YES;
				CLANG_WARN_ENUM_CONVERSION = YES;
				CLANG_WARN_INFINITE_RECURSION = YES;
				CLANG_WARN_INT_CONVERSION = YES;
				CLANG_WARN_NON_LITERAL_NULL_CONVERSION = YES;
				CLANG_WARN_OBJC_IMPLICIT_RETAIN_SELF = YES;
				CLANG_WARN_OBJC_LITERAL_CONVERSION = YES;
				CLANG_WARN_OBJC_ROOT_CLASS = YES_ERROR;
				CLANG_WARN_RANGE_LOOP_ANALYSIS = YES;
				CLANG_WARN_STRICT_PROTOTYPES = YES;
				CLANG_WARN_SUSPICIOUS_MOVE = YES;
				CLANG_WARN_UNGUARDED_AVAILABILITY = YES_AGGRESSIVE;
				CLANG_WARN_UNREACHABLE_CODE = YES;
				CLANG_WARN__DUPLICATE_METHOD_MATCH = YES;
				CODE_SIGN_IDENTITY = "iPhone Developer";
				COPY_PHASE_STRIP = NO;
				DEBUG_INFORMATION_FORMAT = "dwarf-with-dsym";
				ENABLE_NS_ASSERTIONS = NO;
				ENABLE_STRICT_OBJC_MSGSEND = YES;
				GCC_C_LANGUAGE_STANDARD = gnu11;
				GCC_NO_COMMON_BLOCKS = YES;
				GCC_WARN_64_TO_32_BIT_CONVERSION = YES;
				GCC_WARN_ABOUT_RETURN_TYPE = YES_ERROR;
				GCC_WARN_UNDECLARED_SELECTOR = YES;
				GCC_WARN_UNINITIALIZED_AUTOS = YES_AGGRESSIVE;
				GCC_WARN_UNUSED_FUNCTION = YES;
				GCC_WARN_UNUSED_VARIABLE = YES;
				IPHONEOS_DEPLOYMENT_TARGET = 12.1;
				MTL_ENABLE_DEBUG_INFO = NO;
				MTL_FAST_MATH = YES;
				SDKROOT = iphoneos;
				SWIFT_ACTIVE_COMPILATION_CONDITIONS = "";
				SWIFT_COMPILATION_MODE = wholemodule;
				SWIFT_OPTIMIZATION_LEVEL = "-O";
				VALIDATE_PRODUCT = YES;
			};
			name = Release;
		};
		8B6871762208424700502B18 /* Debug */ = {
			isa = XCBuildConfiguration;
			buildSettings = {
				ASSETCATALOG_COMPILER_APPICON_NAME = AppIcon;
				BUILD_NUMBER = 1001;
				BUNDLE_ID = MukeshVerma.Algorithems;
				CODE_SIGN_ENTITLEMENTS = Algorithems/Algorithems.entitlements;
				CODE_SIGN_STYLE = Automatic;
				DEVELOPMENT_TEAM = 3YVQQ2K649;
				INFOPLIST_FILE = Algorithems/Info.plist;
				IPHONEOS_DEPLOYMENT_TARGET = 10.0;
				LD_RUNPATH_SEARCH_PATHS = (
					"$(inherited)",
					"@executable_path/Frameworks",
				);
				OTHER_SWIFT_FLAGS = "-D PRODUCTION";
				"OTHER_SWIFT_FLAGS[arch=*]" = "-D PRODUCTION";
				PRODUCT_BUNDLE_IDENTIFIER = MukeshVerma.Algorithems;
				PRODUCT_NAME = "$(TARGET_NAME)";
				SWIFT_VERSION = 4.2;
				TARGETED_DEVICE_FAMILY = "1,2";
				VERSION_NUMBER = 1.0.0;
			};
			name = Debug;
		};
		8B6871772208424700502B18 /* Release */ = {
			isa = XCBuildConfiguration;
			buildSettings = {
				ASSETCATALOG_COMPILER_APPICON_NAME = AppIcon;
				BUILD_NUMBER = 1001;
				BUNDLE_ID = MukeshVerma.Algorithems;
				CODE_SIGN_ENTITLEMENTS = Algorithems/Algorithems.entitlements;
				CODE_SIGN_STYLE = Automatic;
				DEVELOPMENT_TEAM = 3YVQQ2K649;
				INFOPLIST_FILE = Algorithems/Info.plist;
				IPHONEOS_DEPLOYMENT_TARGET = 10.0;
				LD_RUNPATH_SEARCH_PATHS = (
					"$(inherited)",
					"@executable_path/Frameworks",
				);
				OTHER_SWIFT_FLAGS = "-D PRODUCTION";
				PRODUCT_BUNDLE_IDENTIFIER = MukeshVerma.Algorithems;
				PRODUCT_NAME = "$(TARGET_NAME)";
				SWIFT_VERSION = 4.2;
				TARGETED_DEVICE_FAMILY = "1,2";
				VERSION_NUMBER = 1.0.0;
			};
			name = Release;
		};
		8B6871792208424700502B18 /* Debug */ = {
			isa = XCBuildConfiguration;
			buildSettings = {
				ALWAYS_EMBED_SWIFT_STANDARD_LIBRARIES = YES;
				BUNDLE_LOADER = "$(TEST_HOST)";
				CODE_SIGN_STYLE = Automatic;
				DEVELOPMENT_TEAM = DNTJZJWJQC;
				INFOPLIST_FILE = AlgorithemsTests/Info.plist;
				LD_RUNPATH_SEARCH_PATHS = (
					"$(inherited)",
					"@executable_path/Frameworks",
					"@loader_path/Frameworks",
				);
				PRODUCT_BUNDLE_IDENTIFIER = MukeshVerma.AlgorithemsTests;
				PRODUCT_NAME = "$(TARGET_NAME)";
				SWIFT_VERSION = 4.2;
				TARGETED_DEVICE_FAMILY = "1,2";
				TEST_HOST = "$(BUILT_PRODUCTS_DIR)/Algorithems.app/Algorithems";
			};
			name = Debug;
		};
		8B68717A2208424700502B18 /* Release */ = {
			isa = XCBuildConfiguration;
			buildSettings = {
				ALWAYS_EMBED_SWIFT_STANDARD_LIBRARIES = YES;
				BUNDLE_LOADER = "$(TEST_HOST)";
				CODE_SIGN_STYLE = Automatic;
				DEVELOPMENT_TEAM = DNTJZJWJQC;
				INFOPLIST_FILE = AlgorithemsTests/Info.plist;
				LD_RUNPATH_SEARCH_PATHS = (
					"$(inherited)",
					"@executable_path/Frameworks",
					"@loader_path/Frameworks",
				);
				PRODUCT_BUNDLE_IDENTIFIER = MukeshVerma.AlgorithemsTests;
				PRODUCT_NAME = "$(TARGET_NAME)";
				SWIFT_VERSION = 4.2;
				TARGETED_DEVICE_FAMILY = "1,2";
				TEST_HOST = "$(BUILT_PRODUCTS_DIR)/Algorithems.app/Algorithems";
			};
			name = Release;
		};
		8B68717C2208424700502B18 /* Debug */ = {
			isa = XCBuildConfiguration;
			buildSettings = {
				ALWAYS_EMBED_SWIFT_STANDARD_LIBRARIES = YES;
				CODE_SIGN_STYLE = Automatic;
				DEVELOPMENT_TEAM = DNTJZJWJQC;
				INFOPLIST_FILE = AlgorithemsUITests/Info.plist;
				LD_RUNPATH_SEARCH_PATHS = (
					"$(inherited)",
					"@executable_path/Frameworks",
					"@loader_path/Frameworks",
				);
				PRODUCT_BUNDLE_IDENTIFIER = MukeshVerma.AlgorithemsUITests;
				PRODUCT_NAME = "$(TARGET_NAME)";
				SWIFT_VERSION = 4.2;
				TARGETED_DEVICE_FAMILY = "1,2";
				TEST_TARGET_NAME = Algorithems;
			};
			name = Debug;
		};
		8B68717D2208424700502B18 /* Release */ = {
			isa = XCBuildConfiguration;
			buildSettings = {
				ALWAYS_EMBED_SWIFT_STANDARD_LIBRARIES = YES;
				CODE_SIGN_STYLE = Automatic;
				DEVELOPMENT_TEAM = DNTJZJWJQC;
				INFOPLIST_FILE = AlgorithemsUITests/Info.plist;
				LD_RUNPATH_SEARCH_PATHS = (
					"$(inherited)",
					"@executable_path/Frameworks",
					"@loader_path/Frameworks",
				);
				PRODUCT_BUNDLE_IDENTIFIER = MukeshVerma.AlgorithemsUITests;
				PRODUCT_NAME = "$(TARGET_NAME)";
				SWIFT_VERSION = 4.2;
				TARGETED_DEVICE_FAMILY = "1,2";
				TEST_TARGET_NAME = Algorithems;
			};
			name = Release;
		};
/* End XCBuildConfiguration section */

/* Begin XCConfigurationList section */
		8B6871452208424500502B18 /* Build configuration list for PBXProject "Algorithems" */ = {
			isa = XCConfigurationList;
			buildConfigurations = (
				8B6871732208424700502B18 /* Debug */,
				8B5E8968220AB52700258025 /* DebugStag */,
				8B6871742208424700502B18 /* Release */,
				8B5E896C220AB54400258025 /* ReleaseStag */,
			);
			defaultConfigurationIsVisible = 0;
			defaultConfigurationName = Release;
		};
		8B6871752208424700502B18 /* Build configuration list for PBXNativeTarget "Algorithems" */ = {
			isa = XCConfigurationList;
			buildConfigurations = (
				8B6871762208424700502B18 /* Debug */,
				8B5E8969220AB52700258025 /* DebugStag */,
				8B6871772208424700502B18 /* Release */,
				8B5E896D220AB54400258025 /* ReleaseStag */,
			);
			defaultConfigurationIsVisible = 0;
			defaultConfigurationName = Release;
		};
		8B6871782208424700502B18 /* Build configuration list for PBXNativeTarget "AlgorithemsTests" */ = {
			isa = XCConfigurationList;
			buildConfigurations = (
				8B6871792208424700502B18 /* Debug */,
				8B5E896A220AB52700258025 /* DebugStag */,
				8B68717A2208424700502B18 /* Release */,
				8B5E896E220AB54400258025 /* ReleaseStag */,
			);
			defaultConfigurationIsVisible = 0;
			defaultConfigurationName = Release;
		};
		8B68717B2208424700502B18 /* Build configuration list for PBXNativeTarget "AlgorithemsUITests" */ = {
			isa = XCConfigurationList;
			buildConfigurations = (
				8B68717C2208424700502B18 /* Debug */,
				8B5E896B220AB52700258025 /* DebugStag */,
				8B68717D2208424700502B18 /* Release */,
				8B5E896F220AB54400258025 /* ReleaseStag */,
			);
			defaultConfigurationIsVisible = 0;
			defaultConfigurationName = Release;
		};
/* End XCConfigurationList section */

/* Begin XCVersionGroup section */
		8B6871542208424500502B18 /* Algorithems.xcdatamodeld */ = {
			isa = XCVersionGroup;
			children = (
				8B6871552208424500502B18 /* Algorithems.xcdatamodel */,
			);
			currentVersion = 8B6871552208424500502B18 /* Algorithems.xcdatamodel */;
			path = Algorithems.xcdatamodeld;
			sourceTree = "<group>";
			versionGroupType = wrapper.xcdatamodel;
		};
/* End XCVersionGroup section */
	};
	rootObject = 8B6871422208424500502B18 /* Project object */;
}
